
Microsoft Visual Studio Solution File, Format Version 12.00
# Visual Studio Version 17
VisualStudioVersion = 17.11.35208.52
MinimumVisualStudioVersion = 10.0.40219.1
Project("{8BC9CEB8-8B4A-11D0-8D11-00A0C91BC942}") = "Assign 1", "Assign 1\Assign 1.vcxproj", "{3BBF864E-5F77-428C-BEDE-742165F53BEA}"
EndProject
Project("{8BC9CEB8-8B4A-11D0-8D11-00A0C91BC942}") = "Assign 2", "Assign 2\Assign 2.vcxproj", "{52064D51-9F88-4498-AAC6-6A682DB52C2E}"
EndProject
Global
	GlobalSection(SolutionConfigurationPlatforms) = preSolution
		Debug|x64 = Debug|x64
		Debug|x86 = Debug|x86
		Release|x64 = Release|x64
		Release|x86 = Release|x86
	EndGlobalSection
	GlobalSection(ProjectConfigurationPlatforms) = postSolution
		{3BBF864E-5F77-428C-BEDE-742165F53BEA}.Debug|x64.ActiveCfg = Debug|x64
		{3BBF864E-5F77-428C-BEDE-742165F53BEA}.Debug|x64.Build.0 = Debug|x64
		{3BBF864E-5F77-428C-BEDE-742165F53BEA}.Debug|x86.ActiveCfg = Debug|Win32
		{3BBF864E-5F77-428C-BEDE-742165F53BEA}.Debug|x86.Build.0 = Debug|Win32
		{3BBF864E-5F77-428C-BEDE-742165F53BEA}.Release|x64.ActiveCfg = Release|x64
		{3BBF864E-5F77-428C-BEDE-742165F53BEA}.Release|x64.Build.0 = Release|x64
		{3BBF864E-5F77-428C-BEDE-742165F53BEA}.Release|x86.ActiveCfg = Release|Win32
		{3BBF864E-5F77-428C-BEDE-742165F53BEA}.Release|x86.Build.0 = Release|Win32
		{52064D51-9F88-4498-AAC6-6A682DB52C2E}.Debug|x64.ActiveCfg = Debug|x64
		{52064D51-9F88-4498-AAC6-6A682DB52C2E}.Debug|x64.Build.0 = Debug|x64
		{52064D51-9F88-4498-AAC6-6A682DB52C2E}.Debug|x86.ActiveCfg = Debug|Win32
		{52064D51-9F88-4498-AAC6-6A682DB52C2E}.Debug|x86.Build.0 = Debug|Win32
		{52064D51-9F88-4498-AAC6-6A682DB52C2E}.Release|x64.ActiveCfg = Release|x64
		{52064D51-9F88-4498-AAC6-6A682DB52C2E}.Release|x64.Build.0 = Release|x64
		{52064D51-9F88-4498-AAC6-6A682DB52C2E}.Release|x86.ActiveCfg = Release|Win32
		{52064D51-9F88-4498-AAC6-6A682DB52C2E}.Release|x86.Build.0 = Release|Win32
	EndGlobalSection
	GlobalSection(SolutionProperties) = preSolution
		HideSolutionNode = FALSE
	EndGlobalSection
	GlobalSection(ExtensibilityGlobals) = postSolution
		SolutionGuid = {942F88BB-547B-4702-9FB3-85FEE505349C}
	EndGlobalSection
EndGlobal
